
Microsoft Visual Studio Solution File, Format Version 12.00
# Visual Studio Version 17
VisualStudioVersion = 17.8.34511.84
MinimumVisualStudioVersion = 10.0.40219.1
Project("{2150E333-8FDC-42A3-9474-1A3956D46DE8}") = "MatchMaking", "MatchMaking", "{B124F5E8-E2F2-4FF5-87E6-311E979B7F3D}"
EndProject
Project("{2150E333-8FDC-42A3-9474-1A3956D46DE8}") = "User", "User", "{C587B483-08D8-4E41-883D-7FC6EC1578F9}"
EndProject
Project("{FAE04EC0-301F-11D3-BF4B-00C04F79EFBC}") = "UserService", "UserService\UserService\UserService.csproj", "{871BB578-18E4-4669-A144-BC52B40C1335}"
EndProject
Project("{FAE04EC0-301F-11D3-BF4B-00C04F79EFBC}") = "ServiceLayer", "UserService\ServiceLayer\ServiceLayer.csproj", "{4202D946-1B8E-46D0-B819-905936651DDA}"
EndProject
Project("{FAE04EC0-301F-11D3-BF4B-00C04F79EFBC}") = "DataLayer", "UserService\DataLayer\DataLayer.csproj", "{B829D73B-1719-4F1F-AAC5-ACF093751FDE}"
EndProject
Project("{FAE04EC0-301F-11D3-BF4B-00C04F79EFBC}") = "Shared", "Shared\Shared.csproj", "{614C91CA-7536-4FC7-8233-F38FF89581CB}"
EndProject
Project("{2150E333-8FDC-42A3-9474-1A3956D46DE8}") = "Auth", "Auth", "{708C125D-547F-4F80-9C9D-87F1E712872C}"
EndProject
Project("{FAE04EC0-301F-11D3-BF4B-00C04F79EFBC}") = "AuthService", "AuthService\AuthService\AuthService.csproj", "{C9024754-4B99-415F-9774-B6E2E8AB6C38}"
EndProject
Project("{FAE04EC0-301F-11D3-BF4B-00C04F79EFBC}") = "ServiceLayer", "AuthService\ServiceLayer\ServiceLayer.csproj", "{11E5D0FC-B7A5-40D6-9B51-F9E9F448FEFF}"
EndProject
Project("{2150E333-8FDC-42A3-9474-1A3956D46DE8}") = "Game", "Game", "{D40171E3-3283-4B20-91E9-903FEECFA5D7}"
EndProject
Project("{FAE04EC0-301F-11D3-BF4B-00C04F79EFBC}") = "ClientErrors", "ClientErrors\ClientErrors.csproj", "{05AC54CA-F25F-4B78-B83A-88C680AC2E2A}"
EndProject
Project("{FAE04EC0-301F-11D3-BF4B-00C04F79EFBC}") = "GenericCrud", "GenericCrud\GenericCrud.csproj", "{041CAE1A-2EAA-4F1A-AD02-59011F67661E}"
EndProject
Project("{FAE04EC0-301F-11D3-BF4B-00C04F79EFBC}") = "KafkaMessaging", "KafkaMessaging\KafkaMessaging.csproj", "{F913C1B5-650F-4E38-B39E-EB85F5C14A61}"
EndProject
Project("{FAE04EC0-301F-11D3-BF4B-00C04F79EFBC}") = "DataLayer", "MatchMaking\DataLayer\DataLayer.csproj", "{835C7107-AC3E-4012-94F1-99B57F65FF7B}"
EndProject
Project("{FAE04EC0-301F-11D3-BF4B-00C04F79EFBC}") = "ServiceLayer", "MatchMaking\ServiceLayer\ServiceLayer.csproj", "{2FBC6D7D-7B1A-4D12-8720-EE308B7D90B6}"
EndProject
Project("{FAE04EC0-301F-11D3-BF4B-00C04F79EFBC}") = "MatchMaking", "MatchMaking\MatchMaking\MatchMaking.csproj", "{93EE3C9A-F2B8-44A7-B8A9-BF75CC1CF685}"
EndProject
Project("{FAE04EC0-301F-11D3-BF4B-00C04F79EFBC}") = "DataLayer", "GameService\DataLayer\DataLayer.csproj", "{35018201-4B76-4ADA-9991-CC028EE0D719}"
EndProject
Project("{FAE04EC0-301F-11D3-BF4B-00C04F79EFBC}") = "ServiceLayer", "GameService\ServiceLayer\ServiceLayer.csproj", "{3FE636CB-BFF0-4442-B013-BFDEFFA89991}"
EndProject
Project("{FAE04EC0-301F-11D3-BF4B-00C04F79EFBC}") = "GameService", "GameService\GameService\GameService.csproj", "{B7B54C1F-FE48-437E-96AF-EA80FB4FEEFE}"
EndProject
Project("{FAE04EC0-301F-11D3-BF4B-00C04F79EFBC}") = "Client", "Client\Client.csproj", "{77C5A02D-C630-49C0-A799-8BD1A5E82D65}"
EndProject
Project("{FAE04EC0-301F-11D3-BF4B-00C04F79EFBC}") = "IntellectorLogic", "IntellectorLogic\IntellectorLogic.csproj", "{CEF3EAE1-27F6-4DED-8B3E-9B20A25A2DEF}"
EndProject
Global
	GlobalSection(SolutionConfigurationPlatforms) = preSolution
		Debug|Any CPU = Debug|Any CPU
		Release|Any CPU = Release|Any CPU
	EndGlobalSection
	GlobalSection(ProjectConfigurationPlatforms) = postSolution
		{871BB578-18E4-4669-A144-BC52B40C1335}.Debug|Any CPU.ActiveCfg = Debug|Any CPU
		{871BB578-18E4-4669-A144-BC52B40C1335}.Debug|Any CPU.Build.0 = Debug|Any CPU
		{871BB578-18E4-4669-A144-BC52B40C1335}.Release|Any CPU.ActiveCfg = Release|Any CPU
		{871BB578-18E4-4669-A144-BC52B40C1335}.Release|Any CPU.Build.0 = Release|Any CPU
		{4202D946-1B8E-46D0-B819-905936651DDA}.Debug|Any CPU.ActiveCfg = Debug|Any CPU
		{4202D946-1B8E-46D0-B819-905936651DDA}.Debug|Any CPU.Build.0 = Debug|Any CPU
		{4202D946-1B8E-46D0-B819-905936651DDA}.Release|Any CPU.ActiveCfg = Release|Any CPU
		{4202D946-1B8E-46D0-B819-905936651DDA}.Release|Any CPU.Build.0 = Release|Any CPU
		{B829D73B-1719-4F1F-AAC5-ACF093751FDE}.Debug|Any CPU.ActiveCfg = Debug|Any CPU
		{B829D73B-1719-4F1F-AAC5-ACF093751FDE}.Debug|Any CPU.Build.0 = Debug|Any CPU
		{B829D73B-1719-4F1F-AAC5-ACF093751FDE}.Release|Any CPU.ActiveCfg = Release|Any CPU
		{B829D73B-1719-4F1F-AAC5-ACF093751FDE}.Release|Any CPU.Build.0 = Release|Any CPU
		{614C91CA-7536-4FC7-8233-F38FF89581CB}.Debug|Any CPU.ActiveCfg = Debug|Any CPU
		{614C91CA-7536-4FC7-8233-F38FF89581CB}.Debug|Any CPU.Build.0 = Debug|Any CPU
		{614C91CA-7536-4FC7-8233-F38FF89581CB}.Release|Any CPU.ActiveCfg = Release|Any CPU
		{614C91CA-7536-4FC7-8233-F38FF89581CB}.Release|Any CPU.Build.0 = Release|Any CPU
		{C9024754-4B99-415F-9774-B6E2E8AB6C38}.Debug|Any CPU.ActiveCfg = Debug|Any CPU
		{C9024754-4B99-415F-9774-B6E2E8AB6C38}.Debug|Any CPU.Build.0 = Debug|Any CPU
		{C9024754-4B99-415F-9774-B6E2E8AB6C38}.Release|Any CPU.ActiveCfg = Release|Any CPU
		{C9024754-4B99-415F-9774-B6E2E8AB6C38}.Release|Any CPU.Build.0 = Release|Any CPU
		{11E5D0FC-B7A5-40D6-9B51-F9E9F448FEFF}.Debug|Any CPU.ActiveCfg = Debug|Any CPU
		{11E5D0FC-B7A5-40D6-9B51-F9E9F448FEFF}.Debug|Any CPU.Build.0 = Debug|Any CPU
		{11E5D0FC-B7A5-40D6-9B51-F9E9F448FEFF}.Release|Any CPU.ActiveCfg = Release|Any CPU
		{11E5D0FC-B7A5-40D6-9B51-F9E9F448FEFF}.Release|Any CPU.Build.0 = Release|Any CPU
		{05AC54CA-F25F-4B78-B83A-88C680AC2E2A}.Debug|Any CPU.ActiveCfg = Debug|Any CPU
		{05AC54CA-F25F-4B78-B83A-88C680AC2E2A}.Debug|Any CPU.Build.0 = Debug|Any CPU
		{05AC54CA-F25F-4B78-B83A-88C680AC2E2A}.Release|Any CPU.ActiveCfg = Release|Any CPU
		{05AC54CA-F25F-4B78-B83A-88C680AC2E2A}.Release|Any CPU.Build.0 = Release|Any CPU
		{041CAE1A-2EAA-4F1A-AD02-59011F67661E}.Debug|Any CPU.ActiveCfg = Debug|Any CPU
		{041CAE1A-2EAA-4F1A-AD02-59011F67661E}.Debug|Any CPU.Build.0 = Debug|Any CPU
		{041CAE1A-2EAA-4F1A-AD02-59011F67661E}.Release|Any CPU.ActiveCfg = Release|Any CPU
		{041CAE1A-2EAA-4F1A-AD02-59011F67661E}.Release|Any CPU.Build.0 = Release|Any CPU
		{F913C1B5-650F-4E38-B39E-EB85F5C14A61}.Debug|Any CPU.ActiveCfg = Debug|Any CPU
		{F913C1B5-650F-4E38-B39E-EB85F5C14A61}.Debug|Any CPU.Build.0 = Debug|Any CPU
		{F913C1B5-650F-4E38-B39E-EB85F5C14A61}.Release|Any CPU.ActiveCfg = Release|Any CPU
		{F913C1B5-650F-4E38-B39E-EB85F5C14A61}.Release|Any CPU.Build.0 = Release|Any CPU
		{835C7107-AC3E-4012-94F1-99B57F65FF7B}.Debug|Any CPU.ActiveCfg = Debug|Any CPU
		{835C7107-AC3E-4012-94F1-99B57F65FF7B}.Debug|Any CPU.Build.0 = Debug|Any CPU
		{835C7107-AC3E-4012-94F1-99B57F65FF7B}.Release|Any CPU.ActiveCfg = Release|Any CPU
		{835C7107-AC3E-4012-94F1-99B57F65FF7B}.Release|Any CPU.Build.0 = Release|Any CPU
		{2FBC6D7D-7B1A-4D12-8720-EE308B7D90B6}.Debug|Any CPU.ActiveCfg = Debug|Any CPU
		{2FBC6D7D-7B1A-4D12-8720-EE308B7D90B6}.Debug|Any CPU.Build.0 = Debug|Any CPU
		{2FBC6D7D-7B1A-4D12-8720-EE308B7D90B6}.Release|Any CPU.ActiveCfg = Release|Any CPU
		{2FBC6D7D-7B1A-4D12-8720-EE308B7D90B6}.Release|Any CPU.Build.0 = Release|Any CPU
		{93EE3C9A-F2B8-44A7-B8A9-BF75CC1CF685}.Debug|Any CPU.ActiveCfg = Debug|Any CPU
		{93EE3C9A-F2B8-44A7-B8A9-BF75CC1CF685}.Debug|Any CPU.Build.0 = Debug|Any CPU
		{93EE3C9A-F2B8-44A7-B8A9-BF75CC1CF685}.Release|Any CPU.ActiveCfg = Release|Any CPU
		{93EE3C9A-F2B8-44A7-B8A9-BF75CC1CF685}.Release|Any CPU.Build.0 = Release|Any CPU
		{35018201-4B76-4ADA-9991-CC028EE0D719}.Debug|Any CPU.ActiveCfg = Debug|Any CPU
		{35018201-4B76-4ADA-9991-CC028EE0D719}.Debug|Any CPU.Build.0 = Debug|Any CPU
		{35018201-4B76-4ADA-9991-CC028EE0D719}.Release|Any CPU.ActiveCfg = Release|Any CPU
		{35018201-4B76-4ADA-9991-CC028EE0D719}.Release|Any CPU.Build.0 = Release|Any CPU
		{3FE636CB-BFF0-4442-B013-BFDEFFA89991}.Debug|Any CPU.ActiveCfg = Debug|Any CPU
		{3FE636CB-BFF0-4442-B013-BFDEFFA89991}.Debug|Any CPU.Build.0 = Debug|Any CPU
		{3FE636CB-BFF0-4442-B013-BFDEFFA89991}.Release|Any CPU.ActiveCfg = Release|Any CPU
		{3FE636CB-BFF0-4442-B013-BFDEFFA89991}.Release|Any CPU.Build.0 = Release|Any CPU
		{B7B54C1F-FE48-437E-96AF-EA80FB4FEEFE}.Debug|Any CPU.ActiveCfg = Debug|Any CPU
		{B7B54C1F-FE48-437E-96AF-EA80FB4FEEFE}.Debug|Any CPU.Build.0 = Debug|Any CPU
		{B7B54C1F-FE48-437E-96AF-EA80FB4FEEFE}.Release|Any CPU.ActiveCfg = Release|Any CPU
		{B7B54C1F-FE48-437E-96AF-EA80FB4FEEFE}.Release|Any CPU.Build.0 = Release|Any CPU
		{77C5A02D-C630-49C0-A799-8BD1A5E82D65}.Debug|Any CPU.ActiveCfg = Debug|Any CPU
		{77C5A02D-C630-49C0-A799-8BD1A5E82D65}.Debug|Any CPU.Build.0 = Debug|Any CPU
		{77C5A02D-C630-49C0-A799-8BD1A5E82D65}.Release|Any CPU.ActiveCfg = Release|Any CPU
		{77C5A02D-C630-49C0-A799-8BD1A5E82D65}.Release|Any CPU.Build.0 = Release|Any CPU
		{CEF3EAE1-27F6-4DED-8B3E-9B20A25A2DEF}.Debug|Any CPU.ActiveCfg = Debug|Any CPU
		{CEF3EAE1-27F6-4DED-8B3E-9B20A25A2DEF}.Debug|Any CPU.Build.0 = Debug|Any CPU
		{CEF3EAE1-27F6-4DED-8B3E-9B20A25A2DEF}.Release|Any CPU.ActiveCfg = Release|Any CPU
		{CEF3EAE1-27F6-4DED-8B3E-9B20A25A2DEF}.Release|Any CPU.Build.0 = Release|Any CPU
	EndGlobalSection
	GlobalSection(SolutionProperties) = preSolution
		HideSolutionNode = FALSE
	EndGlobalSection
	GlobalSection(NestedProjects) = preSolution
		{871BB578-18E4-4669-A144-BC52B40C1335} = {C587B483-08D8-4E41-883D-7FC6EC1578F9}
		{4202D946-1B8E-46D0-B819-905936651DDA} = {C587B483-08D8-4E41-883D-7FC6EC1578F9}
		{B829D73B-1719-4F1F-AAC5-ACF093751FDE} = {C587B483-08D8-4E41-883D-7FC6EC1578F9}
		{C9024754-4B99-415F-9774-B6E2E8AB6C38} = {708C125D-547F-4F80-9C9D-87F1E712872C}
		{11E5D0FC-B7A5-40D6-9B51-F9E9F448FEFF} = {708C125D-547F-4F80-9C9D-87F1E712872C}
		{835C7107-AC3E-4012-94F1-99B57F65FF7B} = {B124F5E8-E2F2-4FF5-87E6-311E979B7F3D}
		{2FBC6D7D-7B1A-4D12-8720-EE308B7D90B6} = {B124F5E8-E2F2-4FF5-87E6-311E979B7F3D}
		{93EE3C9A-F2B8-44A7-B8A9-BF75CC1CF685} = {B124F5E8-E2F2-4FF5-87E6-311E979B7F3D}
		{35018201-4B76-4ADA-9991-CC028EE0D719} = {D40171E3-3283-4B20-91E9-903FEECFA5D7}
		{3FE636CB-BFF0-4442-B013-BFDEFFA89991} = {D40171E3-3283-4B20-91E9-903FEECFA5D7}
		{B7B54C1F-FE48-437E-96AF-EA80FB4FEEFE} = {D40171E3-3283-4B20-91E9-903FEECFA5D7}
	EndGlobalSection
	GlobalSection(ExtensibilityGlobals) = postSolution
		SolutionGuid = {5C120C6D-C567-4BDC-8BB4-EF3DBBC20789}
	EndGlobalSection
EndGlobal
